
Microsoft Visual Studio Solution File, Format Version 12.00
# Visual Studio Version 17
VisualStudioVersion = 17.3.32819.101
MinimumVisualStudioVersion = 10.0.40219.1
Project("{FAE04EC0-301F-11D3-BF4B-00C04F79EFBC}") = "Lab03", "Lab03\Lab03.csproj", "{46E81EEB-D029-4366-B759-4600D8F1F453}"
EndProject
Global
	GlobalSection(SolutionConfigurationPlatforms) = preSolution
		Debug|Any CPU = Debug|Any CPU
		Release|Any CPU = Release|Any CPU
	EndGlobalSection
	GlobalSection(ProjectConfigurationPlatforms) = postSolution
		{46E81EEB-D029-4366-B759-4600D8F1F453}.Debug|Any CPU.ActiveCfg = Debug|Any CPU
		{46E81EEB-D029-4366-B759-4600D8F1F453}.Debug|Any CPU.Build.0 = Debug|Any CPU
		{46E81EEB-D029-4366-B759-4600D8F1F453}.Release|Any CPU.ActiveCfg = Release|Any CPU
		{46E81EEB-D029-4366-B759-4600D8F1F453}.Release|Any CPU.Build.0 = Release|Any CPU
	EndGlobalSection
	GlobalSection(SolutionProperties) = preSolution
		HideSolutionNode = FALSE
	EndGlobalSection
	GlobalSection(ExtensibilityGlobals) = postSolution
		SolutionGuid = {C29BF65D-6DC3-444A-9393-A5596532539A}
	EndGlobalSection
EndGlobal
